
Microsoft Visual Studio Solution File, Format Version 12.00
# Visual Studio 15
VisualStudioVersion = 15.0.26124.0
MinimumVisualStudioVersion = 15.0.26124.0
Project("{F2A71F9B-5D33-465A-A702-920D77279786}") = "Day 01 - Expense Report", "Day 01 - Expense Report\Day 01 - Expense Report.fsproj", "{A4F4A046-79E2-4E61-89B2-2C83A769100C}"
EndProject
Project("{F2A71F9B-5D33-465A-A702-920D77279786}") = "Day 02 - Password Policy", "Day 02 - Password Policy\Day 02 - Password Policy.fsproj", "{18C3D707-9276-4EBD-B648-390C26E4A361}"
EndProject
Project("{F2A71F9B-5D33-465A-A702-920D77279786}") = "Day 03 - Toboggan Trajectory", "Day 03 - Toboggan Trajectory\Day 03 - Toboggan Trajectory.fsproj", "{EF7786A5-C148-445D-9A84-E49590EF6398}"
EndProject
Project("{F2A71F9B-5D33-465A-A702-920D77279786}") = "Day 04 - Passport Processing", "Day 04 - Passport Processing\Day 04 - Passport Processing.fsproj", "{8A56EEBA-E578-48E5-83A8-2DB96D460BA7}"
EndProject
Project("{F2A71F9B-5D33-465A-A702-920D77279786}") = "Day 06 - Custom Customs", "Day 06 - Custom Customs\Day 06 - Custom Customs.fsproj", "{0DEF9346-EF87-4FEA-B10A-9BDD5A6FF46E}"
EndProject
Project("{F2A71F9B-5D33-465A-A702-920D77279786}") = "Day 05 - Binary Boarding", "Day 05 - Binary Boarding\Day 05 - Binary Boarding.fsproj", "{3634109F-D744-4F11-B8AD-D7B3B0A9CA5D}"
EndProject
Project("{F2A71F9B-5D33-465A-A702-920D77279786}") = "Day 07 - Handy Haversacks", "Day 07 - Handy Haversacks\Day 07 - Handy Haversacks.fsproj", "{108B594A-11E0-47F2-BABD-E59C1FCD8976}"
EndProject
Project("{F2A71F9B-5D33-465A-A702-920D77279786}") = "Day 08 - Handheld Halting", "Day 08 - Handheld Halting\Day 08 - Handheld Halting.fsproj", "{A5BA3309-7C2E-4CDE-AA00-8D135F49D203}"
EndProject
Global
	GlobalSection(SolutionConfigurationPlatforms) = preSolution
		Debug|Any CPU = Debug|Any CPU
		Debug|x64 = Debug|x64
		Debug|x86 = Debug|x86
		Release|Any CPU = Release|Any CPU
		Release|x64 = Release|x64
		Release|x86 = Release|x86
	EndGlobalSection
	GlobalSection(SolutionProperties) = preSolution
		HideSolutionNode = FALSE
	EndGlobalSection
	GlobalSection(ProjectConfigurationPlatforms) = postSolution
		{A4F4A046-79E2-4E61-89B2-2C83A769100C}.Debug|Any CPU.ActiveCfg = Debug|Any CPU
		{A4F4A046-79E2-4E61-89B2-2C83A769100C}.Debug|Any CPU.Build.0 = Debug|Any CPU
		{A4F4A046-79E2-4E61-89B2-2C83A769100C}.Debug|x64.ActiveCfg = Debug|Any CPU
		{A4F4A046-79E2-4E61-89B2-2C83A769100C}.Debug|x64.Build.0 = Debug|Any CPU
		{A4F4A046-79E2-4E61-89B2-2C83A769100C}.Debug|x86.ActiveCfg = Debug|Any CPU
		{A4F4A046-79E2-4E61-89B2-2C83A769100C}.Debug|x86.Build.0 = Debug|Any CPU
		{A4F4A046-79E2-4E61-89B2-2C83A769100C}.Release|Any CPU.ActiveCfg = Release|Any CPU
		{A4F4A046-79E2-4E61-89B2-2C83A769100C}.Release|Any CPU.Build.0 = Release|Any CPU
		{A4F4A046-79E2-4E61-89B2-2C83A769100C}.Release|x64.ActiveCfg = Release|Any CPU
		{A4F4A046-79E2-4E61-89B2-2C83A769100C}.Release|x64.Build.0 = Release|Any CPU
		{A4F4A046-79E2-4E61-89B2-2C83A769100C}.Release|x86.ActiveCfg = Release|Any CPU
		{A4F4A046-79E2-4E61-89B2-2C83A769100C}.Release|x86.Build.0 = Release|Any CPU
		{18C3D707-9276-4EBD-B648-390C26E4A361}.Debug|Any CPU.ActiveCfg = Debug|Any CPU
		{18C3D707-9276-4EBD-B648-390C26E4A361}.Debug|Any CPU.Build.0 = Debug|Any CPU
		{18C3D707-9276-4EBD-B648-390C26E4A361}.Debug|x64.ActiveCfg = Debug|Any CPU
		{18C3D707-9276-4EBD-B648-390C26E4A361}.Debug|x64.Build.0 = Debug|Any CPU
		{18C3D707-9276-4EBD-B648-390C26E4A361}.Debug|x86.ActiveCfg = Debug|Any CPU
		{18C3D707-9276-4EBD-B648-390C26E4A361}.Debug|x86.Build.0 = Debug|Any CPU
		{18C3D707-9276-4EBD-B648-390C26E4A361}.Release|Any CPU.ActiveCfg = Release|Any CPU
		{18C3D707-9276-4EBD-B648-390C26E4A361}.Release|Any CPU.Build.0 = Release|Any CPU
		{18C3D707-9276-4EBD-B648-390C26E4A361}.Release|x64.ActiveCfg = Release|Any CPU
		{18C3D707-9276-4EBD-B648-390C26E4A361}.Release|x64.Build.0 = Release|Any CPU
		{18C3D707-9276-4EBD-B648-390C26E4A361}.Release|x86.ActiveCfg = Release|Any CPU
		{18C3D707-9276-4EBD-B648-390C26E4A361}.Release|x86.Build.0 = Release|Any CPU
		{EF7786A5-C148-445D-9A84-E49590EF6398}.Debug|Any CPU.ActiveCfg = Debug|Any CPU
		{EF7786A5-C148-445D-9A84-E49590EF6398}.Debug|Any CPU.Build.0 = Debug|Any CPU
		{EF7786A5-C148-445D-9A84-E49590EF6398}.Debug|x64.ActiveCfg = Debug|Any CPU
		{EF7786A5-C148-445D-9A84-E49590EF6398}.Debug|x64.Build.0 = Debug|Any CPU
		{EF7786A5-C148-445D-9A84-E49590EF6398}.Debug|x86.ActiveCfg = Debug|Any CPU
		{EF7786A5-C148-445D-9A84-E49590EF6398}.Debug|x86.Build.0 = Debug|Any CPU
		{EF7786A5-C148-445D-9A84-E49590EF6398}.Release|Any CPU.ActiveCfg = Release|Any CPU
		{EF7786A5-C148-445D-9A84-E49590EF6398}.Release|Any CPU.Build.0 = Release|Any CPU
		{EF7786A5-C148-445D-9A84-E49590EF6398}.Release|x64.ActiveCfg = Release|Any CPU
		{EF7786A5-C148-445D-9A84-E49590EF6398}.Release|x64.Build.0 = Release|Any CPU
		{EF7786A5-C148-445D-9A84-E49590EF6398}.Release|x86.ActiveCfg = Release|Any CPU
		{EF7786A5-C148-445D-9A84-E49590EF6398}.Release|x86.Build.0 = Release|Any CPU
		{8A56EEBA-E578-48E5-83A8-2DB96D460BA7}.Debug|Any CPU.ActiveCfg = Debug|Any CPU
		{8A56EEBA-E578-48E5-83A8-2DB96D460BA7}.Debug|Any CPU.Build.0 = Debug|Any CPU
		{8A56EEBA-E578-48E5-83A8-2DB96D460BA7}.Debug|x64.ActiveCfg = Debug|Any CPU
		{8A56EEBA-E578-48E5-83A8-2DB96D460BA7}.Debug|x64.Build.0 = Debug|Any CPU
		{8A56EEBA-E578-48E5-83A8-2DB96D460BA7}.Debug|x86.ActiveCfg = Debug|Any CPU
		{8A56EEBA-E578-48E5-83A8-2DB96D460BA7}.Debug|x86.Build.0 = Debug|Any CPU
		{8A56EEBA-E578-48E5-83A8-2DB96D460BA7}.Release|Any CPU.ActiveCfg = Release|Any CPU
		{8A56EEBA-E578-48E5-83A8-2DB96D460BA7}.Release|Any CPU.Build.0 = Release|Any CPU
		{8A56EEBA-E578-48E5-83A8-2DB96D460BA7}.Release|x64.ActiveCfg = Release|Any CPU
		{8A56EEBA-E578-48E5-83A8-2DB96D460BA7}.Release|x64.Build.0 = Release|Any CPU
		{8A56EEBA-E578-48E5-83A8-2DB96D460BA7}.Release|x86.ActiveCfg = Release|Any CPU
		{8A56EEBA-E578-48E5-83A8-2DB96D460BA7}.Release|x86.Build.0 = Release|Any CPU
		{0DEF9346-EF87-4FEA-B10A-9BDD5A6FF46E}.Debug|Any CPU.ActiveCfg = Debug|Any CPU
		{0DEF9346-EF87-4FEA-B10A-9BDD5A6FF46E}.Debug|Any CPU.Build.0 = Debug|Any CPU
		{0DEF9346-EF87-4FEA-B10A-9BDD5A6FF46E}.Debug|x64.ActiveCfg = Debug|Any CPU
		{0DEF9346-EF87-4FEA-B10A-9BDD5A6FF46E}.Debug|x64.Build.0 = Debug|Any CPU
		{0DEF9346-EF87-4FEA-B10A-9BDD5A6FF46E}.Debug|x86.ActiveCfg = Debug|Any CPU
		{0DEF9346-EF87-4FEA-B10A-9BDD5A6FF46E}.Debug|x86.Build.0 = Debug|Any CPU
		{0DEF9346-EF87-4FEA-B10A-9BDD5A6FF46E}.Release|Any CPU.ActiveCfg = Release|Any CPU
		{0DEF9346-EF87-4FEA-B10A-9BDD5A6FF46E}.Release|Any CPU.Build.0 = Release|Any CPU
		{0DEF9346-EF87-4FEA-B10A-9BDD5A6FF46E}.Release|x64.ActiveCfg = Release|Any CPU
		{0DEF9346-EF87-4FEA-B10A-9BDD5A6FF46E}.Release|x64.Build.0 = Release|Any CPU
		{0DEF9346-EF87-4FEA-B10A-9BDD5A6FF46E}.Release|x86.ActiveCfg = Release|Any CPU
		{0DEF9346-EF87-4FEA-B10A-9BDD5A6FF46E}.Release|x86.Build.0 = Release|Any CPU
		{3634109F-D744-4F11-B8AD-D7B3B0A9CA5D}.Debug|Any CPU.ActiveCfg = Debug|Any CPU
		{3634109F-D744-4F11-B8AD-D7B3B0A9CA5D}.Debug|Any CPU.Build.0 = Debug|Any CPU
		{3634109F-D744-4F11-B8AD-D7B3B0A9CA5D}.Debug|x64.ActiveCfg = Debug|Any CPU
		{3634109F-D744-4F11-B8AD-D7B3B0A9CA5D}.Debug|x64.Build.0 = Debug|Any CPU
		{3634109F-D744-4F11-B8AD-D7B3B0A9CA5D}.Debug|x86.ActiveCfg = Debug|Any CPU
		{3634109F-D744-4F11-B8AD-D7B3B0A9CA5D}.Debug|x86.Build.0 = Debug|Any CPU
		{3634109F-D744-4F11-B8AD-D7B3B0A9CA5D}.Release|Any CPU.ActiveCfg = Release|Any CPU
		{3634109F-D744-4F11-B8AD-D7B3B0A9CA5D}.Release|Any CPU.Build.0 = Release|Any CPU
		{3634109F-D744-4F11-B8AD-D7B3B0A9CA5D}.Release|x64.ActiveCfg = Release|Any CPU
		{3634109F-D744-4F11-B8AD-D7B3B0A9CA5D}.Release|x64.Build.0 = Release|Any CPU
		{3634109F-D744-4F11-B8AD-D7B3B0A9CA5D}.Release|x86.ActiveCfg = Release|Any CPU
		{3634109F-D744-4F11-B8AD-D7B3B0A9CA5D}.Release|x86.Build.0 = Release|Any CPU
		{108B594A-11E0-47F2-BABD-E59C1FCD8976}.Debug|Any CPU.ActiveCfg = Debug|Any CPU
		{108B594A-11E0-47F2-BABD-E59C1FCD8976}.Debug|Any CPU.Build.0 = Debug|Any CPU
		{108B594A-11E0-47F2-BABD-E59C1FCD8976}.Debug|x64.ActiveCfg = Debug|Any CPU
		{108B594A-11E0-47F2-BABD-E59C1FCD8976}.Debug|x64.Build.0 = Debug|Any CPU
		{108B594A-11E0-47F2-BABD-E59C1FCD8976}.Debug|x86.ActiveCfg = Debug|Any CPU
		{108B594A-11E0-47F2-BABD-E59C1FCD8976}.Debug|x86.Build.0 = Debug|Any CPU
		{108B594A-11E0-47F2-BABD-E59C1FCD8976}.Release|Any CPU.ActiveCfg = Release|Any CPU
		{108B594A-11E0-47F2-BABD-E59C1FCD8976}.Release|Any CPU.Build.0 = Release|Any CPU
		{108B594A-11E0-47F2-BABD-E59C1FCD8976}.Release|x64.ActiveCfg = Release|Any CPU
		{108B594A-11E0-47F2-BABD-E59C1FCD8976}.Release|x64.Build.0 = Release|Any CPU
		{108B594A-11E0-47F2-BABD-E59C1FCD8976}.Release|x86.ActiveCfg = Release|Any CPU
		{108B594A-11E0-47F2-BABD-E59C1FCD8976}.Release|x86.Build.0 = Release|Any CPU
		{A5BA3309-7C2E-4CDE-AA00-8D135F49D203}.Debug|Any CPU.ActiveCfg = Debug|Any CPU
		{A5BA3309-7C2E-4CDE-AA00-8D135F49D203}.Debug|Any CPU.Build.0 = Debug|Any CPU
		{A5BA3309-7C2E-4CDE-AA00-8D135F49D203}.Debug|x64.ActiveCfg = Debug|Any CPU
		{A5BA3309-7C2E-4CDE-AA00-8D135F49D203}.Debug|x64.Build.0 = Debug|Any CPU
		{A5BA3309-7C2E-4CDE-AA00-8D135F49D203}.Debug|x86.ActiveCfg = Debug|Any CPU
		{A5BA3309-7C2E-4CDE-AA00-8D135F49D203}.Debug|x86.Build.0 = Debug|Any CPU
		{A5BA3309-7C2E-4CDE-AA00-8D135F49D203}.Release|Any CPU.ActiveCfg = Release|Any CPU
		{A5BA3309-7C2E-4CDE-AA00-8D135F49D203}.Release|Any CPU.Build.0 = Release|Any CPU
		{A5BA3309-7C2E-4CDE-AA00-8D135F49D203}.Release|x64.ActiveCfg = Release|Any CPU
		{A5BA3309-7C2E-4CDE-AA00-8D135F49D203}.Release|x64.Build.0 = Release|Any CPU
		{A5BA3309-7C2E-4CDE-AA00-8D135F49D203}.Release|x86.ActiveCfg = Release|Any CPU
		{A5BA3309-7C2E-4CDE-AA00-8D135F49D203}.Release|x86.Build.0 = Release|Any CPU
	EndGlobalSection
EndGlobal
